// !$*UTF8*$!
{
	archiveVersion = 1;
	classes = {
	};
	objectVersion = 46;
	objects = {

/* Begin PBXBuildFile section */
		7F42995C1D970ADF004F7D01 /* main.cpp in Sources */ = {isa = PBXBuildFile; fileRef = 7F42995B1D970ADF004F7D01 /* main.cpp */; };
		7F42996B1D971664004F7D01 /* GLUT.framework in Frameworks */ = {isa = PBXBuildFile; fileRef = 7F42996A1D971664004F7D01 /* GLUT.framework */; };
		7F42996D1D971669004F7D01 /* OpenGL.framework in Frameworks */ = {isa = PBXBuildFile; fileRef = 7F42996C1D971669004F7D01 /* OpenGL.framework */; };
		7F42996E1D971696004F7D01 /* Cocoa.framework in Frameworks */ = {isa = PBXBuildFile; fileRef = 7F4299681D97165B004F7D01 /* Cocoa.framework */; };
		7F7E383F1DBAA606008360A3 /* processador.cpp in Sources */ = {isa = PBXBuildFile; fileRef = 7F4299621D9710A9004F7D01 /* processador.cpp */; };
		7FB874CB1D98A43400C11D34 /* game.cpp in Sources */ = {isa = PBXBuildFile; fileRef = 7F4299641D971204004F7D01 /* game.cpp */; };
		7FB874CC1D98A43A00C11D34 /* jogador.cpp in Sources */ = {isa = PBXBuildFile; fileRef = 7FB874A11D97461100C11D34 /* jogador.cpp */; };
		7FB874CD1D98A49E00C11D34 /* tabuleiro.cpp in Sources */ = {isa = PBXBuildFile; fileRef = 7FB8749E1D973C7300C11D34 /* tabuleiro.cpp */; };
		7FB874CE1D98A49E00C11D34 /* ladrilho.cpp in Sources */ = {isa = PBXBuildFile; fileRef = 7FB874A71D9789CD00C11D34 /* ladrilho.cpp */; };
		7FC8BE2D1DCC038D005E864A /* Ator.cpp in Sources */ = {isa = PBXBuildFile; fileRef = 7FC8BE2B1DCC038D005E864A /* Ator.cpp */; };
		7FC8BE311DCC0471005E864A /* Observador.cpp in Sources */ = {isa = PBXBuildFile; fileRef = 7FC8BE2F1DCC0471005E864A /* Observador.cpp */; };
		7FC8BE341DCC05B4005E864A /* Eventos.cpp in Sources */ = {isa = PBXBuildFile; fileRef = 7FC8BE321DCC05B4005E864A /* Eventos.cpp */; };
/* End PBXBuildFile section */

/* Begin PBXCopyFilesBuildPhase section */
		7F4299561D970ADF004F7D01 /* CopyFiles */ = {
			isa = PBXCopyFilesBuildPhase;
			buildActionMask = 2147483647;
			dstPath = /usr/share/man/man1/;
			dstSubfolderSpec = 0;
			files = (
			);
			runOnlyForDeploymentPostprocessing = 1;
		};
/* End PBXCopyFilesBuildPhase section */

/* Begin PBXFileReference section */
		7F4299581D970ADF004F7D01 /* PacManX */ = {isa = PBXFileReference; explicitFileType = "compiled.mach-o.executable"; includeInIndex = 0; path = PacManX; sourceTree = BUILT_PRODUCTS_DIR; };
		7F42995B1D970ADF004F7D01 /* main.cpp */ = {isa = PBXFileReference; lastKnownFileType = sourcecode.cpp.cpp; path = main.cpp; sourceTree = "<group>"; };
		7F4299621D9710A9004F7D01 /* processador.cpp */ = {isa = PBXFileReference; fileEncoding = 4; lastKnownFileType = sourcecode.cpp.cpp; path = processador.cpp; sourceTree = "<group>"; };
		7F4299641D971204004F7D01 /* game.cpp */ = {isa = PBXFileReference; fileEncoding = 4; lastKnownFileType = sourcecode.cpp.cpp; path = game.cpp; sourceTree = "<group>"; };
		7F4299651D971204004F7D01 /* game.hpp */ = {isa = PBXFileReference; fileEncoding = 4; lastKnownFileType = sourcecode.cpp.h; path = game.hpp; sourceTree = "<group>"; };
		7F4299681D97165B004F7D01 /* Cocoa.framework */ = {isa = PBXFileReference; lastKnownFileType = wrapper.framework; name = Cocoa.framework; path = System/Library/Frameworks/Cocoa.framework; sourceTree = SDKROOT; };
		7F42996A1D971664004F7D01 /* GLUT.framework */ = {isa = PBXFileReference; lastKnownFileType = wrapper.framework; name = GLUT.framework; path = System/Library/Frameworks/GLUT.framework; sourceTree = SDKROOT; };
		7F42996C1D971669004F7D01 /* OpenGL.framework */ = {isa = PBXFileReference; lastKnownFileType = wrapper.framework; name = OpenGL.framework; path = System/Library/Frameworks/OpenGL.framework; sourceTree = SDKROOT; };
		7F7E383A1DBAA0BC008360A3 /* Temporizador.cpp */ = {isa = PBXFileReference; fileEncoding = 4; lastKnownFileType = sourcecode.cpp.cpp; path = Temporizador.cpp; sourceTree = "<group>"; tabWidth = 4; };
		7F7E383B1DBAA0BC008360A3 /* Temporizador.hpp */ = {isa = PBXFileReference; fileEncoding = 4; lastKnownFileType = sourcecode.cpp.h; path = Temporizador.hpp; sourceTree = "<group>"; };
		7FB8749E1D973C7300C11D34 /* tabuleiro.cpp */ = {isa = PBXFileReference; fileEncoding = 4; lastKnownFileType = sourcecode.cpp.cpp; path = tabuleiro.cpp; sourceTree = "<group>"; };
		7FB8749F1D973C7300C11D34 /* tabuleiro.hpp */ = {isa = PBXFileReference; fileEncoding = 4; lastKnownFileType = sourcecode.cpp.h; path = tabuleiro.hpp; sourceTree = "<group>"; };
		7FB874A11D97461100C11D34 /* jogador.cpp */ = {isa = PBXFileReference; lastKnownFileType = sourcecode.cpp.cpp; path = jogador.cpp; sourceTree = "<group>"; };
		7FB874A21D97461100C11D34 /* jogador.hpp */ = {isa = PBXFileReference; lastKnownFileType = sourcecode.cpp.h; path = jogador.hpp; sourceTree = "<group>"; };
		7FB874A71D9789CD00C11D34 /* ladrilho.cpp */ = {isa = PBXFileReference; fileEncoding = 4; lastKnownFileType = sourcecode.cpp.cpp; path = ladrilho.cpp; sourceTree = "<group>"; };
		7FB874A81D9789CD00C11D34 /* ladrilho.hpp */ = {isa = PBXFileReference; fileEncoding = 4; lastKnownFileType = sourcecode.cpp.h; path = ladrilho.hpp; sourceTree = "<group>"; };
		7FB874AA1D98320A00C11D34 /* mapa.png */ = {isa = PBXFileReference; lastKnownFileType = image.png; path = mapa.png; sourceTree = "<group>"; };
		7FB874BD1D987F1400C11D34 /* direcao.hpp */ = {isa = PBXFileReference; lastKnownFileType = sourcecode.cpp.h; path = direcao.hpp; sourceTree = "<group>"; };
		7FC8BE2B1DCC038D005E864A /* Ator.cpp */ = {isa = PBXFileReference; fileEncoding = 4; lastKnownFileType = sourcecode.cpp.cpp; path = Ator.cpp; sourceTree = "<group>"; };
		7FC8BE2C1DCC038D005E864A /* Ator.hpp */ = {isa = PBXFileReference; fileEncoding = 4; lastKnownFileType = sourcecode.cpp.h; path = Ator.hpp; sourceTree = "<group>"; };
		7FC8BE2F1DCC0471005E864A /* Observador.cpp */ = {isa = PBXFileReference; fileEncoding = 4; lastKnownFileType = sourcecode.cpp.cpp; path = Observador.cpp; sourceTree = "<group>"; };
		7FC8BE301DCC0471005E864A /* Observador.hpp */ = {isa = PBXFileReference; fileEncoding = 4; lastKnownFileType = sourcecode.cpp.h; path = Observador.hpp; sourceTree = "<group>"; };
		7FC8BE321DCC05B4005E864A /* Eventos.cpp */ = {isa = PBXFileReference; fileEncoding = 4; lastKnownFileType = sourcecode.cpp.cpp; path = Eventos.cpp; sourceTree = "<group>"; };
		7FC8BE331DCC05B4005E864A /* Eventos.hpp */ = {isa = PBXFileReference; fileEncoding = 4; lastKnownFileType = sourcecode.cpp.h; path = Eventos.hpp; sourceTree = "<group>"; };
/* End PBXFileReference section */

/* Begin PBXFrameworksBuildPhase section */
		7F4299551D970ADF004F7D01 /* Frameworks */ = {
			isa = PBXFrameworksBuildPhase;
			buildActionMask = 2147483647;
			files = (
				7F42996E1D971696004F7D01 /* Cocoa.framework in Frameworks */,
				7F42996D1D971669004F7D01 /* OpenGL.framework in Frameworks */,
				7F42996B1D971664004F7D01 /* GLUT.framework in Frameworks */,
			);
			runOnlyForDeploymentPostprocessing = 0;
		};
/* End PBXFrameworksBuildPhase section */

/* Begin PBXGroup section */
		7F42994F1D970ADF004F7D01 = {
			isa = PBXGroup;
			children = (
				7F42995A1D970ADF004F7D01 /* PacManX */,
				7F4299591D970ADF004F7D01 /* Products */,
				7F4299671D97165B004F7D01 /* Frameworks */,
			);
			sourceTree = "<group>";
		};
		7F4299591D970ADF004F7D01 /* Products */ = {
			isa = PBXGroup;
			children = (
				7F4299581D970ADF004F7D01 /* PacManX */,
			);
			name = Products;
			sourceTree = "<group>";
		};
		7F42995A1D970ADF004F7D01 /* PacManX */ = {
			isa = PBXGroup;
			children = (
				7FB874AA1D98320A00C11D34 /* mapa.png */,
				7F42995B1D970ADF004F7D01 /* main.cpp */,
				7F4299621D9710A9004F7D01 /* processador.cpp */,
				7F4299641D971204004F7D01 /* game.cpp */,
				7F4299651D971204004F7D01 /* game.hpp */,
				7FB8749E1D973C7300C11D34 /* tabuleiro.cpp */,
				7FB8749F1D973C7300C11D34 /* tabuleiro.hpp */,
				7FB874A11D97461100C11D34 /* jogador.cpp */,
				7FB874A21D97461100C11D34 /* jogador.hpp */,
				7FB874A71D9789CD00C11D34 /* ladrilho.cpp */,
				7FB874A81D9789CD00C11D34 /* ladrilho.hpp */,
				7FB874BD1D987F1400C11D34 /* direcao.hpp */,
				7F7E383A1DBAA0BC008360A3 /* Temporizador.cpp */,
				7F7E383B1DBAA0BC008360A3 /* Temporizador.hpp */,
				7FC8BE2B1DCC038D005E864A /* Ator.cpp */,
				7FC8BE2C1DCC038D005E864A /* Ator.hpp */,
				7FC8BE2F1DCC0471005E864A /* Observador.cpp */,
				7FC8BE301DCC0471005E864A /* Observador.hpp */,
				7FC8BE321DCC05B4005E864A /* Eventos.cpp */,
				7FC8BE331DCC05B4005E864A /* Eventos.hpp */,
			);
			path = PacManX;
			sourceTree = "<group>";
		};
		7F4299671D97165B004F7D01 /* Frameworks */ = {
			isa = PBXGroup;
			children = (
				7F42996C1D971669004F7D01 /* OpenGL.framework */,
				7F42996A1D971664004F7D01 /* GLUT.framework */,
				7F4299681D97165B004F7D01 /* Cocoa.framework */,
			);
			name = Frameworks;
			sourceTree = "<group>";
		};
/* End PBXGroup section */

/* Begin PBXNativeTarget section */
		7F4299571D970ADF004F7D01 /* PacManX */ = {
			isa = PBXNativeTarget;
			buildConfigurationList = 7F42995F1D970ADF004F7D01 /* Build configuration list for PBXNativeTarget "PacManX" */;
			buildPhases = (
				7F4299541D970ADF004F7D01 /* Sources */,
				7F4299551D970ADF004F7D01 /* Frameworks */,
				7F4299561D970ADF004F7D01 /* CopyFiles */,
			);
			buildRules = (
			);
			dependencies = (
			);
			name = PacManX;
			productName = PacManX;
			productReference = 7F4299581D970ADF004F7D01 /* PacManX */;
			productType = "com.apple.product-type.tool";
		};
/* End PBXNativeTarget section */

/* Begin PBXProject section */
		7F4299501D970ADF004F7D01 /* Project object */ = {
			isa = PBXProject;
			attributes = {
				LastUpgradeCheck = 0800;
				ORGANIZATIONNAME = "Fabrício, Yooh e Wesnydy";
				TargetAttributes = {
					7F4299571D970ADF004F7D01 = {
						CreatedOnToolsVersion = 8.0;
						ProvisioningStyle = Automatic;
					};
				};
			};
			buildConfigurationList = 7F4299531D970ADF004F7D01 /* Build configuration list for PBXProject "PacManX" */;
			compatibilityVersion = "Xcode 3.2";
			developmentRegion = English;
			hasScannedForEncodings = 0;
			knownRegions = (
				en,
			);
			mainGroup = 7F42994F1D970ADF004F7D01;
			productRefGroup = 7F4299591D970ADF004F7D01 /* Products */;
			projectDirPath = "";
			projectRoot = "";
			targets = (
				7F4299571D970ADF004F7D01 /* PacManX */,
			);
		};
/* End PBXProject section */

/* Begin PBXSourcesBuildPhase section */
		7F4299541D970ADF004F7D01 /* Sources */ = {
			isa = PBXSourcesBuildPhase;
			buildActionMask = 2147483647;
			files = (
				7FB874CD1D98A49E00C11D34 /* tabuleiro.cpp in Sources */,
				7FC8BE341DCC05B4005E864A /* Eventos.cpp in Sources */,
				7FB874CE1D98A49E00C11D34 /* ladrilho.cpp in Sources */,
				7FB874CC1D98A43A00C11D34 /* jogador.cpp in Sources */,
				7F7E383F1DBAA606008360A3 /* processador.cpp in Sources */,
				7FC8BE311DCC0471005E864A /* Observador.cpp in Sources */,
				7FB874CB1D98A43400C11D34 /* game.cpp in Sources */,
				7F42995C1D970ADF004F7D01 /* main.cpp in Sources */,
				7FC8BE2D1DCC038D005E864A /* Ator.cpp in Sources */,
			);
			runOnlyForDeploymentPostprocessing = 0;
		};
/* End PBXSourcesBuildPhase section */

/* Begin XCBuildConfiguration section */
		7F42995D1D970ADF004F7D01 /* Debug */ = {
			isa = XCBuildConfiguration;
			buildSettings = {
				ALWAYS_SEARCH_USER_PATHS = NO;
				CLANG_ANALYZER_NONNULL = YES;
				CLANG_CXX_LANGUAGE_STANDARD = "gnu++0x";
				CLANG_CXX_LIBRARY = "libc++";
				CLANG_ENABLE_MODULES = YES;
				CLANG_ENABLE_OBJC_ARC = YES;
				CLANG_WARN_BOOL_CONVERSION = YES;
				CLANG_WARN_CONSTANT_CONVERSION = YES;
				CLANG_WARN_DIRECT_OBJC_ISA_USAGE = YES_ERROR;
				CLANG_WARN_DOCUMENTATION_COMMENTS = YES;
				CLANG_WARN_EMPTY_BODY = YES;
				CLANG_WARN_ENUM_CONVERSION = YES;
				CLANG_WARN_INFINITE_RECURSION = YES;
				CLANG_WARN_INT_CONVERSION = YES;
				CLANG_WARN_OBJC_ROOT_CLASS = YES_ERROR;
				CLANG_WARN_SUSPICIOUS_MOVES = YES;
				CLANG_WARN_UNREACHABLE_CODE = YES;
				CLANG_WARN__DUPLICATE_METHOD_MATCH = YES;
				CODE_SIGN_IDENTITY = "-";
				COPY_PHASE_STRIP = NO;
				DEBUG_INFORMATION_FORMAT = dwarf;
				ENABLE_STRICT_OBJC_MSGSEND = YES;
				ENABLE_TESTABILITY = YES;
				GCC_C_LANGUAGE_STANDARD = gnu99;
				GCC_DYNAMIC_NO_PIC = NO;
				GCC_NO_COMMON_BLOCKS = YES;
				GCC_OPTIMIZATION_LEVEL = 0;
				GCC_PREPROCESSOR_DEFINITIONS = (
					"DEBUG=1",
					"$(inherited)",
				);
				GCC_WARN_64_TO_32_BIT_CONVERSION = YES;
				GCC_WARN_ABOUT_RETURN_TYPE = YES_ERROR;
				GCC_WARN_UNDECLARED_SELECTOR = YES;
				GCC_WARN_UNINITIALIZED_AUTOS = YES_AGGRESSIVE;
				GCC_WARN_UNUSED_FUNCTION = YES;
				GCC_WARN_UNUSED_VARIABLE = YES;
				MACOSX_DEPLOYMENT_TARGET = 10.12;
				MTL_ENABLE_DEBUG_INFO = YES;
				ONLY_ACTIVE_ARCH = YES;
				SDKROOT = macosx;
			};
			name = Debug;
		};
		7F42995E1D970ADF004F7D01 /* Release */ = {
			isa = XCBuildConfiguration;
			buildSettings = {
				ALWAYS_SEARCH_USER_PATHS = NO;
				CLANG_ANALYZER_NONNULL = YES;
				CLANG_CXX_LANGUAGE_STANDARD = "gnu++0x";
				CLANG_CXX_LIBRARY = "libc++";
				CLANG_ENABLE_MODULES = YES;
				CLANG_ENABLE_OBJC_ARC = YES;
				CLANG_WARN_BOOL_CONVERSION = YES;
				CLANG_WARN_CONSTANT_CONVERSION = YES;
				CLANG_WARN_DIRECT_OBJC_ISA_USAGE = YES_ERROR;
				CLANG_WARN_DOCUMENTATION_COMMENTS = YES;
				CLANG_WARN_EMPTY_BODY = YES;
				CLANG_WARN_ENUM_CONVERSION = YES;
				CLANG_WARN_INFINITE_RECURSION = YES;
				CLANG_WARN_INT_CONVERSION = YES;
				CLANG_WARN_OBJC_ROOT_CLASS = YES_ERROR;
				CLANG_WARN_SUSPICIOUS_MOVES = YES;
				CLANG_WARN_UNREACHABLE_CODE = YES;
				CLANG_WARN__DUPLICATE_METHOD_MATCH = YES;
				CODE_SIGN_IDENTITY = "-";
				COPY_PHASE_STRIP = NO;
				DEBUG_INFORMATION_FORMAT = "dwarf-with-dsym";
				ENABLE_NS_ASSERTIONS = NO;
				ENABLE_STRICT_OBJC_MSGSEND = YES;
				GCC_C_LANGUAGE_STANDARD = gnu99;
				GCC_NO_COMMON_BLOCKS = YES;
				GCC_WARN_64_TO_32_BIT_CONVERSION = YES;
				GCC_WARN_ABOUT_RETURN_TYPE = YES_ERROR;
				GCC_WARN_UNDECLARED_SELECTOR = YES;
				GCC_WARN_UNINITIALIZED_AUTOS = YES_AGGRESSIVE;
				GCC_WARN_UNUSED_FUNCTION = YES;
				GCC_WARN_UNUSED_VARIABLE = YES;
				MACOSX_DEPLOYMENT_TARGET = 10.12;
				MTL_ENABLE_DEBUG_INFO = NO;
				SDKROOT = macosx;
			};
			name = Release;
		};
		7F4299601D970ADF004F7D01 /* Debug */ = {
			isa = XCBuildConfiguration;
			buildSettings = {
				HEADER_SEARCH_PATHS = "/usr/local/Cellar/imagemagick/6.9.5-10/**";
				LIBRARY_SEARCH_PATHS = "/opt/local/lib\n\n";
				MACOSX_DEPLOYMENT_TARGET = 10.8;
				OTHER_LDFLAGS = (
					"-DMAGICKCORE_HDRI_ENABLE=0",
					"-DMAGICKCORE_QUANTUM_DEPTH=16",
					"-DMAGICKCORE_HDRI_ENABLE=0",
					"-DMAGICKCORE_QUANTUM_DEPTH=16",
					"-DMAGICKCORE_HDRI_ENABLE=0",
					"-DMAGICKCORE_QUANTUM_DEPTH=16",
					"-I/usr/local/Cellar/imagemagick/6.9.5-10/include/ImageMagick-6\n-DMAGICKCORE_HDRI_ENABLE=0",
					"-DMAGICKCORE_QUANTUM_DEPTH=16",
					"-DMAGICKCORE_HDRI_ENABLE=0",
					"-DMAGICKCORE_QUANTUM_DEPTH=16",
					"-DMAGICKCORE_HDRI_ENABLE=0",
					"-DMAGICKCORE_QUANTUM_DEPTH=16",
					"-I/usr/local/Cellar/imagemagick/6.9.5-10/include/ImageMagick-6\n-L/usr/local/Cellar/imagemagick/6.9.5-10/lib",
					"-lMagick++-6.Q16",
					"-lMagickWand-6.Q16",
					"-lMagickCore-6.Q16\n-L/usr/local/Cellar/imagemagick/6.9.5-10/lib",
					"-lMagick++-6.Q16",
					"-lMagickWand-6.Q16",
					"-lMagickCore-6.Q16\n\n",
				);
				PRODUCT_NAME = "$(TARGET_NAME)";
			};
			name = Debug;
		};
		7F4299611D970ADF004F7D01 /* Release */ = {
			isa = XCBuildConfiguration;
			buildSettings = {
				HEADER_SEARCH_PATHS = "/usr/local/Cellar/imagemagick/6.9.5-10/**";
				LIBRARY_SEARCH_PATHS = "/opt/local/lib\n\n";
				MACOSX_DEPLOYMENT_TARGET = 10.8;
				OTHER_LDFLAGS = (
					"-DMAGICKCORE_HDRI_ENABLE=0",
					"-DMAGICKCORE_QUANTUM_DEPTH=16",
					"-DMAGICKCORE_HDRI_ENABLE=0",
					"-DMAGICKCORE_QUANTUM_DEPTH=16",
					"-DMAGICKCORE_HDRI_ENABLE=0",
					"-DMAGICKCORE_QUANTUM_DEPTH=16",
					"-I/usr/local/Cellar/imagemagick/6.9.5-10/include/ImageMagick-6\n-DMAGICKCORE_HDRI_ENABLE=0",
					"-DMAGICKCORE_QUANTUM_DEPTH=16",
					"-DMAGICKCORE_HDRI_ENABLE=0",
					"-DMAGICKCORE_QUANTUM_DEPTH=16",
					"-DMAGICKCORE_HDRI_ENABLE=0",
					"-DMAGICKCORE_QUANTUM_DEPTH=16",
					"-I/usr/local/Cellar/imagemagick/6.9.5-10/include/ImageMagick-6\n-L/usr/local/Cellar/imagemagick/6.9.5-10/lib",
					"-lMagick++-6.Q16",
					"-lMagickWand-6.Q16",
					"-lMagickCore-6.Q16\n-L/usr/local/Cellar/imagemagick/6.9.5-10/lib",
					"-lMagick++-6.Q16",
					"-lMagickWand-6.Q16",
					"-lMagickCore-6.Q16\n\n",
				);
				PRODUCT_NAME = "$(TARGET_NAME)";
			};
			name = Release;
		};
/* End XCBuildConfiguration section */

/* Begin XCConfigurationList section */
		7F4299531D970ADF004F7D01 /* Build configuration list for PBXProject "PacManX" */ = {
			isa = XCConfigurationList;
			buildConfigurations = (
				7F42995D1D970ADF004F7D01 /* Debug */,
				7F42995E1D970ADF004F7D01 /* Release */,
			);
			defaultConfigurationIsVisible = 0;
			defaultConfigurationName = Release;
		};
		7F42995F1D970ADF004F7D01 /* Build configuration list for PBXNativeTarget "PacManX" */ = {
			isa = XCConfigurationList;
			buildConfigurations = (
				7F4299601D970ADF004F7D01 /* Debug */,
				7F4299611D970ADF004F7D01 /* Release */,
			);
			defaultConfigurationIsVisible = 0;
			defaultConfigurationName = Release;
		};
/* End XCConfigurationList section */
	};
	rootObject = 7F4299501D970ADF004F7D01 /* Project object */;
}
