// !$*UTF8*$!
{
	archiveVersion = 1;
	classes = {
	};
	objectVersion = 46;
	objects = {

/* Begin PBXBuildFile section */
		7F0235AD1DCD0AB700F204FC /* Game.cpp in Sources */ = {isa = PBXBuildFile; fileRef = 7FF918E41DCC205700EBB7FA /* Game.cpp */; };
		7F0235AE1DCD0AC300F204FC /* Observador.cpp in Sources */ = {isa = PBXBuildFile; fileRef = 7FC8BE2F1DCC0471005E864A /* Observador.cpp */; };
		7F0235AF1DCD0ACD00F204FC /* VisaoJogador.cpp in Sources */ = {isa = PBXBuildFile; fileRef = 7FC8BE381DCC1291005E864A /* VisaoJogador.cpp */; };
		7F0235B01DCD0AD400F204FC /* Eventos.cpp in Sources */ = {isa = PBXBuildFile; fileRef = 7FC8BE321DCC05B4005E864A /* Eventos.cpp */; };
		7F0235B11DCD0ADB00F204FC /* Jogador.cpp in Sources */ = {isa = PBXBuildFile; fileRef = 7FF918E11DCC16C400EBB7FA /* Jogador.cpp */; };
		7F0235B21DCD0AE100F204FC /* Ator.cpp in Sources */ = {isa = PBXBuildFile; fileRef = 7FC8BE2B1DCC038D005E864A /* Ator.cpp */; };
		7F0235B31DCD0AE700F204FC /* Ladrilho.cpp in Sources */ = {isa = PBXBuildFile; fileRef = 7F0235AA1DCCFB5000F204FC /* Ladrilho.cpp */; };
		7F0235B41DCD0AED00F204FC /* Tabuleiro.cpp in Sources */ = {isa = PBXBuildFile; fileRef = 7FF918E71DCC2C5900EBB7FA /* Tabuleiro.cpp */; };
		7F0235B71DCD0E8A00F204FC /* Placar.cpp in Sources */ = {isa = PBXBuildFile; fileRef = 7F0235B51DCD0E8A00F204FC /* Placar.cpp */; };
		7F42995C1D970ADF004F7D01 /* main.cpp in Sources */ = {isa = PBXBuildFile; fileRef = 7F42995B1D970ADF004F7D01 /* main.cpp */; };
		7F42996B1D971664004F7D01 /* GLUT.framework in Frameworks */ = {isa = PBXBuildFile; fileRef = 7F42996A1D971664004F7D01 /* GLUT.framework */; };
		7F42996D1D971669004F7D01 /* OpenGL.framework in Frameworks */ = {isa = PBXBuildFile; fileRef = 7F42996C1D971669004F7D01 /* OpenGL.framework */; };
		7F42996E1D971696004F7D01 /* Cocoa.framework in Frameworks */ = {isa = PBXBuildFile; fileRef = 7F4299681D97165B004F7D01 /* Cocoa.framework */; };
		7FEF3C851DDF5F7400943AF8 /* Inimigo.cpp in Sources */ = {isa = PBXBuildFile; fileRef = 7FEF3C831DDF5F7400943AF8 /* Inimigo.cpp */; };
		7FEF3C881DDF6B6400943AF8 /* Blinky.cpp in Sources */ = {isa = PBXBuildFile; fileRef = 7FEF3C861DDF6B6400943AF8 /* Blinky.cpp */; };
		7FEF3C8B1DDF6C5F00943AF8 /* Clyde.cpp in Sources */ = {isa = PBXBuildFile; fileRef = 7FEF3C891DDF6C5F00943AF8 /* Clyde.cpp */; };
		7FEF3C8E1DDF6D0A00943AF8 /* Inky.cpp in Sources */ = {isa = PBXBuildFile; fileRef = 7FEF3C8C1DDF6D0A00943AF8 /* Inky.cpp */; };
		7FEF3C911DDF711E00943AF8 /* Pinky.cpp in Sources */ = {isa = PBXBuildFile; fileRef = 7FEF3C8F1DDF711E00943AF8 /* Pinky.cpp */; };
/* End PBXBuildFile section */

/* Begin PBXCopyFilesBuildPhase section */
		7F4299561D970ADF004F7D01 /* CopyFiles */ = {
			isa = PBXCopyFilesBuildPhase;
			buildActionMask = 2147483647;
			dstPath = /usr/share/man/man1/;
			dstSubfolderSpec = 0;
			files = (
			);
			runOnlyForDeploymentPostprocessing = 1;
		};
/* End PBXCopyFilesBuildPhase section */

/* Begin PBXFileReference section */
		7F0235AA1DCCFB5000F204FC /* Ladrilho.cpp */ = {isa = PBXFileReference; fileEncoding = 4; lastKnownFileType = sourcecode.cpp.cpp; path = Ladrilho.cpp; sourceTree = "<group>"; };
		7F0235AB1DCCFB5000F204FC /* Ladrilho.hpp */ = {isa = PBXFileReference; fileEncoding = 4; lastKnownFileType = sourcecode.cpp.h; path = Ladrilho.hpp; sourceTree = "<group>"; };
		7F0235B51DCD0E8A00F204FC /* Placar.cpp */ = {isa = PBXFileReference; fileEncoding = 4; lastKnownFileType = sourcecode.cpp.cpp; path = Placar.cpp; sourceTree = "<group>"; };
		7F0235B61DCD0E8A00F204FC /* Placar.hpp */ = {isa = PBXFileReference; fileEncoding = 4; lastKnownFileType = sourcecode.cpp.h; path = Placar.hpp; sourceTree = "<group>"; };
		7F408F261DCCF745005EDEBA /* Processador.cpp */ = {isa = PBXFileReference; fileEncoding = 4; lastKnownFileType = sourcecode.cpp.cpp; path = Processador.cpp; sourceTree = "<group>"; };
		7F408F271DCCF745005EDEBA /* Processador.hpp */ = {isa = PBXFileReference; fileEncoding = 4; lastKnownFileType = sourcecode.cpp.h; path = Processador.hpp; sourceTree = "<group>"; };
		7F4299581D970ADF004F7D01 /* PacManX */ = {isa = PBXFileReference; explicitFileType = "compiled.mach-o.executable"; includeInIndex = 0; path = PacManX; sourceTree = BUILT_PRODUCTS_DIR; };
		7F42995B1D970ADF004F7D01 /* main.cpp */ = {isa = PBXFileReference; lastKnownFileType = sourcecode.cpp.cpp; path = main.cpp; sourceTree = "<group>"; };
		7F4299681D97165B004F7D01 /* Cocoa.framework */ = {isa = PBXFileReference; lastKnownFileType = wrapper.framework; name = Cocoa.framework; path = System/Library/Frameworks/Cocoa.framework; sourceTree = SDKROOT; };
		7F42996A1D971664004F7D01 /* GLUT.framework */ = {isa = PBXFileReference; lastKnownFileType = wrapper.framework; name = GLUT.framework; path = System/Library/Frameworks/GLUT.framework; sourceTree = SDKROOT; };
		7F42996C1D971669004F7D01 /* OpenGL.framework */ = {isa = PBXFileReference; lastKnownFileType = wrapper.framework; name = OpenGL.framework; path = System/Library/Frameworks/OpenGL.framework; sourceTree = SDKROOT; };
		7F7E383A1DBAA0BC008360A3 /* Temporizador.cpp */ = {isa = PBXFileReference; fileEncoding = 4; lastKnownFileType = sourcecode.cpp.cpp; path = Temporizador.cpp; sourceTree = "<group>"; tabWidth = 4; };
		7F7E383B1DBAA0BC008360A3 /* Temporizador.hpp */ = {isa = PBXFileReference; fileEncoding = 4; lastKnownFileType = sourcecode.cpp.h; path = Temporizador.hpp; sourceTree = "<group>"; };
		7FB874AA1D98320A00C11D34 /* mapa.png */ = {isa = PBXFileReference; lastKnownFileType = image.png; path = mapa.png; sourceTree = "<group>"; };
		7FB874BD1D987F1400C11D34 /* direcao.hpp */ = {isa = PBXFileReference; lastKnownFileType = sourcecode.cpp.h; path = direcao.hpp; sourceTree = "<group>"; };
		7FC8BE2B1DCC038D005E864A /* Ator.cpp */ = {isa = PBXFileReference; fileEncoding = 4; lastKnownFileType = sourcecode.cpp.cpp; path = Ator.cpp; sourceTree = "<group>"; };
		7FC8BE2C1DCC038D005E864A /* Ator.hpp */ = {isa = PBXFileReference; fileEncoding = 4; lastKnownFileType = sourcecode.cpp.h; path = Ator.hpp; sourceTree = "<group>"; };
		7FC8BE2F1DCC0471005E864A /* Observador.cpp */ = {isa = PBXFileReference; fileEncoding = 4; lastKnownFileType = sourcecode.cpp.cpp; path = Observador.cpp; sourceTree = "<group>"; };
		7FC8BE301DCC0471005E864A /* Observador.hpp */ = {isa = PBXFileReference; fileEncoding = 4; lastKnownFileType = sourcecode.cpp.h; path = Observador.hpp; sourceTree = "<group>"; };
		7FC8BE321DCC05B4005E864A /* Eventos.cpp */ = {isa = PBXFileReference; fileEncoding = 4; lastKnownFileType = sourcecode.cpp.cpp; path = Eventos.cpp; sourceTree = "<group>"; };
		7FC8BE331DCC05B4005E864A /* Eventos.hpp */ = {isa = PBXFileReference; fileEncoding = 4; lastKnownFileType = sourcecode.cpp.h; path = Eventos.hpp; sourceTree = "<group>"; };
		7FC8BE361DCC1195005E864A /* headers.hpp */ = {isa = PBXFileReference; fileEncoding = 4; lastKnownFileType = sourcecode.cpp.h; path = headers.hpp; sourceTree = "<group>"; };
		7FC8BE381DCC1291005E864A /* VisaoJogador.cpp */ = {isa = PBXFileReference; fileEncoding = 4; lastKnownFileType = sourcecode.cpp.cpp; path = VisaoJogador.cpp; sourceTree = "<group>"; };
		7FC8BE391DCC1291005E864A /* VisaoJogador.hpp */ = {isa = PBXFileReference; fileEncoding = 4; lastKnownFileType = sourcecode.cpp.h; path = VisaoJogador.hpp; sourceTree = "<group>"; };
		7FEF3C831DDF5F7400943AF8 /* Inimigo.cpp */ = {isa = PBXFileReference; fileEncoding = 4; lastKnownFileType = sourcecode.cpp.cpp; path = Inimigo.cpp; sourceTree = "<group>"; };
		7FEF3C841DDF5F7400943AF8 /* Inimigo.hpp */ = {isa = PBXFileReference; fileEncoding = 4; lastKnownFileType = sourcecode.cpp.h; path = Inimigo.hpp; sourceTree = "<group>"; };
		7FEF3C861DDF6B6400943AF8 /* Blinky.cpp */ = {isa = PBXFileReference; fileEncoding = 4; lastKnownFileType = sourcecode.cpp.cpp; path = Blinky.cpp; sourceTree = "<group>"; };
		7FEF3C871DDF6B6400943AF8 /* Blinky.hpp */ = {isa = PBXFileReference; fileEncoding = 4; lastKnownFileType = sourcecode.cpp.h; path = Blinky.hpp; sourceTree = "<group>"; };
		7FEF3C891DDF6C5F00943AF8 /* Clyde.cpp */ = {isa = PBXFileReference; fileEncoding = 4; lastKnownFileType = sourcecode.cpp.cpp; path = Clyde.cpp; sourceTree = "<group>"; };
		7FEF3C8A1DDF6C5F00943AF8 /* Clyde.hpp */ = {isa = PBXFileReference; fileEncoding = 4; lastKnownFileType = sourcecode.cpp.h; path = Clyde.hpp; sourceTree = "<group>"; };
		7FEF3C8C1DDF6D0A00943AF8 /* Inky.cpp */ = {isa = PBXFileReference; fileEncoding = 4; lastKnownFileType = sourcecode.cpp.cpp; path = Inky.cpp; sourceTree = "<group>"; };
		7FEF3C8D1DDF6D0A00943AF8 /* Inky.hpp */ = {isa = PBXFileReference; fileEncoding = 4; lastKnownFileType = sourcecode.cpp.h; path = Inky.hpp; sourceTree = "<group>"; };
		7FEF3C8F1DDF711E00943AF8 /* Pinky.cpp */ = {isa = PBXFileReference; fileEncoding = 4; lastKnownFileType = sourcecode.cpp.cpp; path = Pinky.cpp; sourceTree = "<group>"; };
		7FEF3C901DDF711E00943AF8 /* Pinky.hpp */ = {isa = PBXFileReference; fileEncoding = 4; lastKnownFileType = sourcecode.cpp.h; path = Pinky.hpp; sourceTree = "<group>"; };
		7FF918E11DCC16C400EBB7FA /* Jogador.cpp */ = {isa = PBXFileReference; fileEncoding = 4; lastKnownFileType = sourcecode.cpp.cpp; path = Jogador.cpp; sourceTree = "<group>"; };
		7FF918E21DCC16C400EBB7FA /* Jogador.hpp */ = {isa = PBXFileReference; fileEncoding = 4; lastKnownFileType = sourcecode.cpp.h; path = Jogador.hpp; sourceTree = "<group>"; };
		7FF918E41DCC205700EBB7FA /* Game.cpp */ = {isa = PBXFileReference; fileEncoding = 4; lastKnownFileType = sourcecode.cpp.cpp; path = Game.cpp; sourceTree = "<group>"; };
		7FF918E51DCC205700EBB7FA /* Game.hpp */ = {isa = PBXFileReference; fileEncoding = 4; lastKnownFileType = sourcecode.cpp.h; path = Game.hpp; sourceTree = "<group>"; };
		7FF918E71DCC2C5900EBB7FA /* Tabuleiro.cpp */ = {isa = PBXFileReference; fileEncoding = 4; lastKnownFileType = sourcecode.cpp.cpp; path = Tabuleiro.cpp; sourceTree = "<group>"; };
		7FF918E81DCC2C5900EBB7FA /* Tabuleiro.hpp */ = {isa = PBXFileReference; fileEncoding = 4; lastKnownFileType = sourcecode.cpp.h; path = Tabuleiro.hpp; sourceTree = "<group>"; };
/* End PBXFileReference section */

/* Begin PBXFrameworksBuildPhase section */
		7F4299551D970ADF004F7D01 /* Frameworks */ = {
			isa = PBXFrameworksBuildPhase;
			buildActionMask = 2147483647;
			files = (
				7F42996E1D971696004F7D01 /* Cocoa.framework in Frameworks */,
				7F42996D1D971669004F7D01 /* OpenGL.framework in Frameworks */,
				7F42996B1D971664004F7D01 /* GLUT.framework in Frameworks */,
			);
			runOnlyForDeploymentPostprocessing = 0;
		};
/* End PBXFrameworksBuildPhase section */

/* Begin PBXGroup section */
		7F42994F1D970ADF004F7D01 = {
			isa = PBXGroup;
			children = (
				7F42995A1D970ADF004F7D01 /* PacManX */,
				7F4299591D970ADF004F7D01 /* Products */,
				7F4299671D97165B004F7D01 /* Frameworks */,
			);
			sourceTree = "<group>";
		};
		7F4299591D970ADF004F7D01 /* Products */ = {
			isa = PBXGroup;
			children = (
				7F4299581D970ADF004F7D01 /* PacManX */,
			);
			name = Products;
			sourceTree = "<group>";
		};
		7F42995A1D970ADF004F7D01 /* PacManX */ = {
			isa = PBXGroup;
			children = (
				7FF918E71DCC2C5900EBB7FA /* Tabuleiro.cpp */,
				7FF918E81DCC2C5900EBB7FA /* Tabuleiro.hpp */,
				7FB874AA1D98320A00C11D34 /* mapa.png */,
				7F42995B1D970ADF004F7D01 /* main.cpp */,
				7FC8BE381DCC1291005E864A /* VisaoJogador.cpp */,
				7FC8BE391DCC1291005E864A /* VisaoJogador.hpp */,
				7FC8BE361DCC1195005E864A /* headers.hpp */,
				7FB874BD1D987F1400C11D34 /* direcao.hpp */,
				7F7E383A1DBAA0BC008360A3 /* Temporizador.cpp */,
				7F7E383B1DBAA0BC008360A3 /* Temporizador.hpp */,
				7FC8BE2B1DCC038D005E864A /* Ator.cpp */,
				7FC8BE2C1DCC038D005E864A /* Ator.hpp */,
				7FC8BE2F1DCC0471005E864A /* Observador.cpp */,
				7FC8BE301DCC0471005E864A /* Observador.hpp */,
				7FC8BE321DCC05B4005E864A /* Eventos.cpp */,
				7FC8BE331DCC05B4005E864A /* Eventos.hpp */,
				7FF918E11DCC16C400EBB7FA /* Jogador.cpp */,
				7FF918E21DCC16C400EBB7FA /* Jogador.hpp */,
				7FF918E41DCC205700EBB7FA /* Game.cpp */,
				7FF918E51DCC205700EBB7FA /* Game.hpp */,
				7F408F261DCCF745005EDEBA /* Processador.cpp */,
				7F408F271DCCF745005EDEBA /* Processador.hpp */,
				7F0235AA1DCCFB5000F204FC /* Ladrilho.cpp */,
				7F0235AB1DCCFB5000F204FC /* Ladrilho.hpp */,
				7FEF3C8F1DDF711E00943AF8 /* Pinky.cpp */,
				7FEF3C901DDF711E00943AF8 /* Pinky.hpp */,
				7F0235B51DCD0E8A00F204FC /* Placar.cpp */,
				7F0235B61DCD0E8A00F204FC /* Placar.hpp */,
				7FEF3C831DDF5F7400943AF8 /* Inimigo.cpp */,
				7FEF3C841DDF5F7400943AF8 /* Inimigo.hpp */,
				7FEF3C861DDF6B6400943AF8 /* Blinky.cpp */,
				7FEF3C871DDF6B6400943AF8 /* Blinky.hpp */,
				7FEF3C891DDF6C5F00943AF8 /* Clyde.cpp */,
				7FEF3C8A1DDF6C5F00943AF8 /* Clyde.hpp */,
				7FEF3C8C1DDF6D0A00943AF8 /* Inky.cpp */,
				7FEF3C8D1DDF6D0A00943AF8 /* Inky.hpp */,
			);
			path = PacManX;
			sourceTree = "<group>";
		};
		7F4299671D97165B004F7D01 /* Frameworks */ = {
			isa = PBXGroup;
			children = (
				7F42996C1D971669004F7D01 /* OpenGL.framework */,
				7F42996A1D971664004F7D01 /* GLUT.framework */,
				7F4299681D97165B004F7D01 /* Cocoa.framework */,
			);
			name = Frameworks;
			sourceTree = "<group>";
		};
/* End PBXGroup section */

/* Begin PBXNativeTarget section */
		7F4299571D970ADF004F7D01 /* PacManX */ = {
			isa = PBXNativeTarget;
			buildConfigurationList = 7F42995F1D970ADF004F7D01 /* Build configuration list for PBXNativeTarget "PacManX" */;
			buildPhases = (
				7F4299541D970ADF004F7D01 /* Sources */,
				7F4299551D970ADF004F7D01 /* Frameworks */,
				7F4299561D970ADF004F7D01 /* CopyFiles */,
			);
			buildRules = (
			);
			dependencies = (
			);
			name = PacManX;
			productName = PacManX;
			productReference = 7F4299581D970ADF004F7D01 /* PacManX */;
			productType = "com.apple.product-type.tool";
		};
/* End PBXNativeTarget section */

/* Begin PBXProject section */
		7F4299501D970ADF004F7D01 /* Project object */ = {
			isa = PBXProject;
			attributes = {
				LastUpgradeCheck = 0810;
				ORGANIZATIONNAME = "Fabrício, Yooh e Wesnydy";
				TargetAttributes = {
					7F4299571D970ADF004F7D01 = {
						CreatedOnToolsVersion = 8.0;
						ProvisioningStyle = Automatic;
					};
				};
			};
			buildConfigurationList = 7F4299531D970ADF004F7D01 /* Build configuration list for PBXProject "PacManX" */;
			compatibilityVersion = "Xcode 3.2";
			developmentRegion = English;
			hasScannedForEncodings = 0;
			knownRegions = (
				en,
			);
			mainGroup = 7F42994F1D970ADF004F7D01;
			productRefGroup = 7F4299591D970ADF004F7D01 /* Products */;
			projectDirPath = "";
			projectRoot = "";
			targets = (
				7F4299571D970ADF004F7D01 /* PacManX */,
			);
		};
/* End PBXProject section */

/* Begin PBXSourcesBuildPhase section */
		7F4299541D970ADF004F7D01 /* Sources */ = {
			isa = PBXSourcesBuildPhase;
			buildActionMask = 2147483647;
			files = (
				7FEF3C881DDF6B6400943AF8 /* Blinky.cpp in Sources */,
				7F0235B41DCD0AED00F204FC /* Tabuleiro.cpp in Sources */,
				7F0235B31DCD0AE700F204FC /* Ladrilho.cpp in Sources */,
				7F0235B21DCD0AE100F204FC /* Ator.cpp in Sources */,
				7F0235B11DCD0ADB00F204FC /* Jogador.cpp in Sources */,
				7FEF3C8B1DDF6C5F00943AF8 /* Clyde.cpp in Sources */,
				7F0235B71DCD0E8A00F204FC /* Placar.cpp in Sources */,
				7F0235B01DCD0AD400F204FC /* Eventos.cpp in Sources */,
				7FEF3C8E1DDF6D0A00943AF8 /* Inky.cpp in Sources */,
				7F0235AF1DCD0ACD00F204FC /* VisaoJogador.cpp in Sources */,
				7F0235AE1DCD0AC300F204FC /* Observador.cpp in Sources */,
				7F0235AD1DCD0AB700F204FC /* Game.cpp in Sources */,
				7FEF3C911DDF711E00943AF8 /* Pinky.cpp in Sources */,
				7F42995C1D970ADF004F7D01 /* main.cpp in Sources */,
				7FEF3C851DDF5F7400943AF8 /* Inimigo.cpp in Sources */,
			);
			runOnlyForDeploymentPostprocessing = 0;
		};
/* End PBXSourcesBuildPhase section */

/* Begin XCBuildConfiguration section */
		7F42995D1D970ADF004F7D01 /* Debug */ = {
			isa = XCBuildConfiguration;
			buildSettings = {
				ALWAYS_SEARCH_USER_PATHS = NO;
				CLANG_ANALYZER_NONNULL = YES;
				CLANG_CXX_LANGUAGE_STANDARD = "gnu++0x";
				CLANG_CXX_LIBRARY = "libc++";
				CLANG_ENABLE_MODULES = YES;
				CLANG_ENABLE_OBJC_ARC = YES;
				CLANG_WARN_BOOL_CONVERSION = YES;
				CLANG_WARN_CONSTANT_CONVERSION = YES;
				CLANG_WARN_DIRECT_OBJC_ISA_USAGE = YES_ERROR;
				CLANG_WARN_DOCUMENTATION_COMMENTS = YES;
				CLANG_WARN_EMPTY_BODY = YES;
				CLANG_WARN_ENUM_CONVERSION = YES;
				CLANG_WARN_INFINITE_RECURSION = YES;
				CLANG_WARN_INT_CONVERSION = YES;
				CLANG_WARN_OBJC_ROOT_CLASS = YES_ERROR;
				CLANG_WARN_SUSPICIOUS_MOVE = YES;
				CLANG_WARN_SUSPICIOUS_MOVES = YES;
				CLANG_WARN_UNREACHABLE_CODE = YES;
				CLANG_WARN__DUPLICATE_METHOD_MATCH = YES;
				CODE_SIGN_IDENTITY = "-";
				COPY_PHASE_STRIP = NO;
				DEBUG_INFORMATION_FORMAT = dwarf;
				ENABLE_STRICT_OBJC_MSGSEND = YES;
				ENABLE_TESTABILITY = YES;
				GCC_C_LANGUAGE_STANDARD = gnu99;
				GCC_DYNAMIC_NO_PIC = NO;
				GCC_NO_COMMON_BLOCKS = YES;
				GCC_OPTIMIZATION_LEVEL = 0;
				GCC_PREPROCESSOR_DEFINITIONS = (
					"DEBUG=1",
					"$(inherited)",
				);
				GCC_WARN_64_TO_32_BIT_CONVERSION = YES;
				GCC_WARN_ABOUT_RETURN_TYPE = YES_ERROR;
				GCC_WARN_UNDECLARED_SELECTOR = YES;
				GCC_WARN_UNINITIALIZED_AUTOS = YES_AGGRESSIVE;
				GCC_WARN_UNUSED_FUNCTION = YES;
				GCC_WARN_UNUSED_VARIABLE = YES;
				MACOSX_DEPLOYMENT_TARGET = 10.12;
				MTL_ENABLE_DEBUG_INFO = YES;
				ONLY_ACTIVE_ARCH = YES;
				SDKROOT = macosx;
			};
			name = Debug;
		};
		7F42995E1D970ADF004F7D01 /* Release */ = {
			isa = XCBuildConfiguration;
			buildSettings = {
				ALWAYS_SEARCH_USER_PATHS = NO;
				CLANG_ANALYZER_NONNULL = YES;
				CLANG_CXX_LANGUAGE_STANDARD = "gnu++0x";
				CLANG_CXX_LIBRARY = "libc++";
				CLANG_ENABLE_MODULES = YES;
				CLANG_ENABLE_OBJC_ARC = YES;
				CLANG_WARN_BOOL_CONVERSION = YES;
				CLANG_WARN_CONSTANT_CONVERSION = YES;
				CLANG_WARN_DIRECT_OBJC_ISA_USAGE = YES_ERROR;
				CLANG_WARN_DOCUMENTATION_COMMENTS = YES;
				CLANG_WARN_EMPTY_BODY = YES;
				CLANG_WARN_ENUM_CONVERSION = YES;
				CLANG_WARN_INFINITE_RECURSION = YES;
				CLANG_WARN_INT_CONVERSION = YES;
				CLANG_WARN_OBJC_ROOT_CLASS = YES_ERROR;
				CLANG_WARN_SUSPICIOUS_MOVE = YES;
				CLANG_WARN_SUSPICIOUS_MOVES = YES;
				CLANG_WARN_UNREACHABLE_CODE = YES;
				CLANG_WARN__DUPLICATE_METHOD_MATCH = YES;
				CODE_SIGN_IDENTITY = "-";
				COPY_PHASE_STRIP = NO;
				DEBUG_INFORMATION_FORMAT = "dwarf-with-dsym";
				ENABLE_NS_ASSERTIONS = NO;
				ENABLE_STRICT_OBJC_MSGSEND = YES;
				GCC_C_LANGUAGE_STANDARD = gnu99;
				GCC_NO_COMMON_BLOCKS = YES;
				GCC_WARN_64_TO_32_BIT_CONVERSION = YES;
				GCC_WARN_ABOUT_RETURN_TYPE = YES_ERROR;
				GCC_WARN_UNDECLARED_SELECTOR = YES;
				GCC_WARN_UNINITIALIZED_AUTOS = YES_AGGRESSIVE;
				GCC_WARN_UNUSED_FUNCTION = YES;
				GCC_WARN_UNUSED_VARIABLE = YES;
				MACOSX_DEPLOYMENT_TARGET = 10.12;
				MTL_ENABLE_DEBUG_INFO = NO;
				SDKROOT = macosx;
			};
			name = Release;
		};
		7F4299601D970ADF004F7D01 /* Debug */ = {
			isa = XCBuildConfiguration;
			buildSettings = {
				HEADER_SEARCH_PATHS = "/usr/local/Cellar/imagemagick/6.9.5-10/**";
				LIBRARY_SEARCH_PATHS = "/opt/local/lib\n\n";
				MACOSX_DEPLOYMENT_TARGET = 10.8;
				OTHER_LDFLAGS = (
					"-DMAGICKCORE_HDRI_ENABLE=0",
					"-DMAGICKCORE_QUANTUM_DEPTH=16",
					"-DMAGICKCORE_HDRI_ENABLE=0",
					"-DMAGICKCORE_QUANTUM_DEPTH=16",
					"-DMAGICKCORE_HDRI_ENABLE=0",
					"-DMAGICKCORE_QUANTUM_DEPTH=16",
					"-I/usr/local/Cellar/imagemagick/6.9.5-10/include/ImageMagick-6\n-DMAGICKCORE_HDRI_ENABLE=0",
					"-DMAGICKCORE_QUANTUM_DEPTH=16",
					"-DMAGICKCORE_HDRI_ENABLE=0",
					"-DMAGICKCORE_QUANTUM_DEPTH=16",
					"-DMAGICKCORE_HDRI_ENABLE=0",
					"-DMAGICKCORE_QUANTUM_DEPTH=16",
					"-I/usr/local/Cellar/imagemagick/6.9.5-10/include/ImageMagick-6\n-L/usr/local/Cellar/imagemagick/6.9.5-10/lib",
					"-lMagick++-6.Q16",
					"-lMagickWand-6.Q16",
					"-lMagickCore-6.Q16\n-L/usr/local/Cellar/imagemagick/6.9.5-10/lib",
					"-lMagick++-6.Q16",
					"-lMagickWand-6.Q16",
					"-lMagickCore-6.Q16\n\n",
				);
				PRODUCT_NAME = "$(TARGET_NAME)";
			};
			name = Debug;
		};
		7F4299611D970ADF004F7D01 /* Release */ = {
			isa = XCBuildConfiguration;
			buildSettings = {
				HEADER_SEARCH_PATHS = "/usr/local/Cellar/imagemagick/6.9.5-10/**";
				LIBRARY_SEARCH_PATHS = "/opt/local/lib\n\n";
				MACOSX_DEPLOYMENT_TARGET = 10.8;
				OTHER_LDFLAGS = (
					"-DMAGICKCORE_HDRI_ENABLE=0",
					"-DMAGICKCORE_QUANTUM_DEPTH=16",
					"-DMAGICKCORE_HDRI_ENABLE=0",
					"-DMAGICKCORE_QUANTUM_DEPTH=16",
					"-DMAGICKCORE_HDRI_ENABLE=0",
					"-DMAGICKCORE_QUANTUM_DEPTH=16",
					"-I/usr/local/Cellar/imagemagick/6.9.5-10/include/ImageMagick-6\n-DMAGICKCORE_HDRI_ENABLE=0",
					"-DMAGICKCORE_QUANTUM_DEPTH=16",
					"-DMAGICKCORE_HDRI_ENABLE=0",
					"-DMAGICKCORE_QUANTUM_DEPTH=16",
					"-DMAGICKCORE_HDRI_ENABLE=0",
					"-DMAGICKCORE_QUANTUM_DEPTH=16",
					"-I/usr/local/Cellar/imagemagick/6.9.5-10/include/ImageMagick-6\n-L/usr/local/Cellar/imagemagick/6.9.5-10/lib",
					"-lMagick++-6.Q16",
					"-lMagickWand-6.Q16",
					"-lMagickCore-6.Q16\n-L/usr/local/Cellar/imagemagick/6.9.5-10/lib",
					"-lMagick++-6.Q16",
					"-lMagickWand-6.Q16",
					"-lMagickCore-6.Q16\n\n",
				);
				PRODUCT_NAME = "$(TARGET_NAME)";
			};
			name = Release;
		};
/* End XCBuildConfiguration section */

/* Begin XCConfigurationList section */
		7F4299531D970ADF004F7D01 /* Build configuration list for PBXProject "PacManX" */ = {
			isa = XCConfigurationList;
			buildConfigurations = (
				7F42995D1D970ADF004F7D01 /* Debug */,
				7F42995E1D970ADF004F7D01 /* Release */,
			);
			defaultConfigurationIsVisible = 0;
			defaultConfigurationName = Release;
		};
		7F42995F1D970ADF004F7D01 /* Build configuration list for PBXNativeTarget "PacManX" */ = {
			isa = XCConfigurationList;
			buildConfigurations = (
				7F4299601D970ADF004F7D01 /* Debug */,
				7F4299611D970ADF004F7D01 /* Release */,
			);
			defaultConfigurationIsVisible = 0;
			defaultConfigurationName = Release;
		};
/* End XCConfigurationList section */
	};
	rootObject = 7F4299501D970ADF004F7D01 /* Project object */;
}
